
Microsoft Visual Studio Solution File, Format Version 12.00
# Visual Studio Version 16
VisualStudioVersion = 16.0.32901.82
MinimumVisualStudioVersion = 10.0.40219.1
Project("{2150E333-8FDC-42A3-9474-1A3956D46DE8}") = "BLL", "BLL", "{BDC1A22B-0FE8-4852-8D24-78C2417EBD8C}"
EndProject
Project("{2150E333-8FDC-42A3-9474-1A3956D46DE8}") = "DAL", "DAL", "{C672C3F2-8685-46F6-82A6-FB25D350C01C}"
EndProject
Project("{2150E333-8FDC-42A3-9474-1A3956D46DE8}") = "Common", "Common", "{AA7CE570-1056-4D64-81EB-4BB6D90B54AF}"
EndProject
Project("{2150E333-8FDC-42A3-9474-1A3956D46DE8}") = "PL", "PL", "{B4471C6A-B094-416E-B4AF-05EE750709A0}"
EndProject
Project("{9A19103F-16F7-4668-BE54-9A1E7A4F7556}") = "User", "User\User.csproj", "{419F4781-3305-46B9-A303-6B0E8C282F87}"
EndProject
Project("{9A19103F-16F7-4668-BE54-9A1E7A4F7556}") = "Note.Model", "Note\Note.Model.csproj", "{4FEFC486-3AE6-4E3D-B697-C08F9AE48428}"
EndProject
Project("{9A19103F-16F7-4668-BE54-9A1E7A4F7556}") = "Note.IDAL", "Note.IDAL\Note.IDAL.csproj", "{9D463020-2B4C-44C8-9ECE-E0188810C9DB}"
EndProject
Project("{9A19103F-16F7-4668-BE54-9A1E7A4F7556}") = "Note.DAL", "Note.DAL\Note.DAL.csproj", "{F53B39E1-CBB3-4ADA-9805-FDF84DDCF3DA}"
EndProject
Project("{9A19103F-16F7-4668-BE54-9A1E7A4F7556}") = "Note.BLL", "Note.BLL\Note.BLL.csproj", "{D1257BC2-7350-4ECA-9A02-E92669367B8D}"
EndProject
Project("{FAE04EC0-301F-11D3-BF4B-00C04F79EFBC}") = "Note.MVC", "Note.MVC\Note.MVC.csproj", "{11BC1938-4C77-4572-A1C8-2D8BE915197E}"
EndProject
Global
	GlobalSection(SolutionConfigurationPlatforms) = preSolution
		Debug|Any CPU = Debug|Any CPU
		Release|Any CPU = Release|Any CPU
	EndGlobalSection
	GlobalSection(ProjectConfigurationPlatforms) = postSolution
		{419F4781-3305-46B9-A303-6B0E8C282F87}.Debug|Any CPU.ActiveCfg = Debug|Any CPU
		{419F4781-3305-46B9-A303-6B0E8C282F87}.Debug|Any CPU.Build.0 = Debug|Any CPU
		{419F4781-3305-46B9-A303-6B0E8C282F87}.Release|Any CPU.ActiveCfg = Release|Any CPU
		{419F4781-3305-46B9-A303-6B0E8C282F87}.Release|Any CPU.Build.0 = Release|Any CPU
		{4FEFC486-3AE6-4E3D-B697-C08F9AE48428}.Debug|Any CPU.ActiveCfg = Debug|Any CPU
		{4FEFC486-3AE6-4E3D-B697-C08F9AE48428}.Debug|Any CPU.Build.0 = Debug|Any CPU
		{4FEFC486-3AE6-4E3D-B697-C08F9AE48428}.Release|Any CPU.ActiveCfg = Release|Any CPU
		{4FEFC486-3AE6-4E3D-B697-C08F9AE48428}.Release|Any CPU.Build.0 = Release|Any CPU
		{9D463020-2B4C-44C8-9ECE-E0188810C9DB}.Debug|Any CPU.ActiveCfg = Debug|Any CPU
		{9D463020-2B4C-44C8-9ECE-E0188810C9DB}.Debug|Any CPU.Build.0 = Debug|Any CPU
		{9D463020-2B4C-44C8-9ECE-E0188810C9DB}.Release|Any CPU.ActiveCfg = Release|Any CPU
		{9D463020-2B4C-44C8-9ECE-E0188810C9DB}.Release|Any CPU.Build.0 = Release|Any CPU
		{F53B39E1-CBB3-4ADA-9805-FDF84DDCF3DA}.Debug|Any CPU.ActiveCfg = Debug|Any CPU
		{F53B39E1-CBB3-4ADA-9805-FDF84DDCF3DA}.Debug|Any CPU.Build.0 = Debug|Any CPU
		{F53B39E1-CBB3-4ADA-9805-FDF84DDCF3DA}.Release|Any CPU.ActiveCfg = Release|Any CPU
		{F53B39E1-CBB3-4ADA-9805-FDF84DDCF3DA}.Release|Any CPU.Build.0 = Release|Any CPU
		{D1257BC2-7350-4ECA-9A02-E92669367B8D}.Debug|Any CPU.ActiveCfg = Debug|Any CPU
		{D1257BC2-7350-4ECA-9A02-E92669367B8D}.Debug|Any CPU.Build.0 = Debug|Any CPU
		{D1257BC2-7350-4ECA-9A02-E92669367B8D}.Release|Any CPU.ActiveCfg = Release|Any CPU
		{D1257BC2-7350-4ECA-9A02-E92669367B8D}.Release|Any CPU.Build.0 = Release|Any CPU
		{11BC1938-4C77-4572-A1C8-2D8BE915197E}.Debug|Any CPU.ActiveCfg = Debug|Any CPU
		{11BC1938-4C77-4572-A1C8-2D8BE915197E}.Debug|Any CPU.Build.0 = Debug|Any CPU
		{11BC1938-4C77-4572-A1C8-2D8BE915197E}.Release|Any CPU.ActiveCfg = Release|Any CPU
		{11BC1938-4C77-4572-A1C8-2D8BE915197E}.Release|Any CPU.Build.0 = Release|Any CPU
	EndGlobalSection
	GlobalSection(SolutionProperties) = preSolution
		HideSolutionNode = FALSE
	EndGlobalSection
	GlobalSection(NestedProjects) = preSolution
		{419F4781-3305-46B9-A303-6B0E8C282F87} = {AA7CE570-1056-4D64-81EB-4BB6D90B54AF}
		{4FEFC486-3AE6-4E3D-B697-C08F9AE48428} = {AA7CE570-1056-4D64-81EB-4BB6D90B54AF}
		{9D463020-2B4C-44C8-9ECE-E0188810C9DB} = {C672C3F2-8685-46F6-82A6-FB25D350C01C}
		{F53B39E1-CBB3-4ADA-9805-FDF84DDCF3DA} = {C672C3F2-8685-46F6-82A6-FB25D350C01C}
		{D1257BC2-7350-4ECA-9A02-E92669367B8D} = {BDC1A22B-0FE8-4852-8D24-78C2417EBD8C}
		{11BC1938-4C77-4572-A1C8-2D8BE915197E} = {B4471C6A-B094-416E-B4AF-05EE750709A0}
	EndGlobalSection
	GlobalSection(ExtensibilityGlobals) = postSolution
		SolutionGuid = {B3172418-7C34-4D58-9FC7-BE6122A78D91}
	EndGlobalSection
EndGlobal
